
Microsoft Visual Studio Solution File, Format Version 12.00
# Visual Studio 2012
Project("{8BC9CEB8-8B4A-11D0-8D11-00A0C91BC942}") = "frugsKeyboardLib", "frugsKeyboardLib\frugsKeyboardLib.vcxproj", "{5D749274-E4B9-4958-ADF0-C940FB671887}"
EndProject
Global
	GlobalSection(SolutionConfigurationPlatforms) = preSolution
		Debug|Win32 = Debug|Win32
		Release|Win32 = Release|Win32
	EndGlobalSection
	GlobalSection(ProjectConfigurationPlatforms) = postSolution
		{5D749274-E4B9-4958-ADF0-C940FB671887}.Debug|Win32.ActiveCfg = Debug|Win32
		{5D749274-E4B9-4958-ADF0-C940FB671887}.Debug|Win32.Build.0 = Debug|Win32
		{5D749274-E4B9-4958-ADF0-C940FB671887}.Debug|Win32.Deploy.0 = Debug|Win32
		{5D749274-E4B9-4958-ADF0-C940FB671887}.Release|Win32.ActiveCfg = Release|Win32
		{5D749274-E4B9-4958-ADF0-C940FB671887}.Release|Win32.Build.0 = Release|Win32
		{5D749274-E4B9-4958-ADF0-C940FB671887}.Release|Win32.Deploy.0 = Release|Win32
	EndGlobalSection
	GlobalSection(SolutionProperties) = preSolution
		HideSolutionNode = FALSE
	EndGlobalSection
EndGlobal
